
Microsoft Visual Studio Solution File, Format Version 12.00
# Visual Studio Version 17
VisualStudioVersion = 17.13.35931.197 d17.13
MinimumVisualStudioVersion = 10.0.40219.1
Project("{FAE04EC0-301F-11D3-BF4B-00C04F79EFBC}") = "LMS.Web", "LMS.Web.csproj", "{15C2CD9B-7F12-044B-7804-3AEFD0B00F60}"
EndProject
Global
	GlobalSection(SolutionConfigurationPlatforms) = preSolution
		Debug|Any CPU = Debug|Any CPU
		Release|Any CPU = Release|Any CPU
	EndGlobalSection
	GlobalSection(ProjectConfigurationPlatforms) = postSolution
		{15C2CD9B-7F12-044B-7804-3AEFD0B00F60}.Debug|Any CPU.ActiveCfg = Debug|Any CPU
		{15C2CD9B-7F12-044B-7804-3AEFD0B00F60}.Debug|Any CPU.Build.0 = Debug|Any CPU
		{15C2CD9B-7F12-044B-7804-3AEFD0B00F60}.Release|Any CPU.ActiveCfg = Release|Any CPU
		{15C2CD9B-7F12-044B-7804-3AEFD0B00F60}.Release|Any CPU.Build.0 = Release|Any CPU
	EndGlobalSection
	GlobalSection(SolutionProperties) = preSolution
		HideSolutionNode = FALSE
	EndGlobalSection
	GlobalSection(ExtensibilityGlobals) = postSolution
		SolutionGuid = {6CC8CCE1-0348-4B81-AFB5-A52C16BD331E}
	EndGlobalSection
EndGlobal
